// !$*UTF8*$!
{
	archiveVersion = 1;
	classes = {
	};
	objectVersion = 56;
	objects = {

/* Begin PBXBuildFile section */
		7B9DCE962C63DE26000E362E /* GameModel.swift in Sources */ = {isa = PBXBuildFile; fileRef = 7B9DCE952C63DE26000E362E /* GameModel.swift */; };
		7B9DCE982C63DE60000E362E /* ObstacleView.swift in Sources */ = {isa = PBXBuildFile; fileRef = 7B9DCE972C63DE60000E362E /* ObstacleView.swift */; };
		7B9DCE9A2C63DE71000E362E /* FuelView.swift in Sources */ = {isa = PBXBuildFile; fileRef = 7B9DCE992C63DE71000E362E /* FuelView.swift */; };
		7B9DCE9C2C63DE85000E362E /* MainMenuView.swift in Sources */ = {isa = PBXBuildFile; fileRef = 7B9DCE9B2C63DE85000E362E /* MainMenuView.swift */; };
		7B9DCE9E2C63DEE3000E362E /* SettingsModel.swift in Sources */ = {isa = PBXBuildFile; fileRef = 7B9DCE9D2C63DEE3000E362E /* SettingsModel.swift */; };
		7B9DCEA22C63DF1F000E362E /* CustomButton.swift in Sources */ = {isa = PBXBuildFile; fileRef = 7B9DCEA12C63DF1F000E362E /* CustomButton.swift */; };
		7B9DCEA62C63E35D000E362E /* collect.mp3 in Resources */ = {isa = PBXBuildFile; fileRef = 7B9DCEA52C63E35D000E362E /* collect.mp3 */; };
		7B9DCEA82C63E3C6000E362E /* hit.mp3 in Resources */ = {isa = PBXBuildFile; fileRef = 7B9DCEA72C63E3C6000E362E /* hit.mp3 */; };
		7B9DCEAA2C64B71B000E362E /* AboutView.swift in Sources */ = {isa = PBXBuildFile; fileRef = 7B9DCEA92C64B71A000E362E /* AboutView.swift */; };
		7B9DCEAC2C64B73A000E362E /* SettingView.swift in Sources */ = {isa = PBXBuildFile; fileRef = 7B9DCEAB2C64B73A000E362E /* SettingView.swift */; };
		7B9DCEB12C64D43A000E362E /* MochiyPopOne-Regular.ttf in Resources */ = {isa = PBXBuildFile; fileRef = 7B9DCEB02C64D43A000E362E /* MochiyPopOne-Regular.ttf */; };
		7B9DCEB52C64E364000E362E /* main_sound.mp3 in Resources */ = {isa = PBXBuildFile; fileRef = 7B9DCEB42C64E364000E362E /* main_sound.mp3 */; };
		7BA749B62C6396D20006E1EF /* AirplaneGameApp.swift in Sources */ = {isa = PBXBuildFile; fileRef = 7BA749B52C6396D20006E1EF /* AirplaneGameApp.swift */; };
		7BA749BA2C6396D40006E1EF /* Assets.xcassets in Resources */ = {isa = PBXBuildFile; fileRef = 7BA749B92C6396D40006E1EF /* Assets.xcassets */; };
		7BA749BD2C6396D40006E1EF /* Preview Assets.xcassets in Resources */ = {isa = PBXBuildFile; fileRef = 7BA749BC2C6396D40006E1EF /* Preview Assets.xcassets */; };
		7BA749C42C6396FC0006E1EF /* GameView.swift in Sources */ = {isa = PBXBuildFile; fileRef = 7BA749C32C6396FC0006E1EF /* GameView.swift */; };
		7BA749C62C63971B0006E1EF /* AirplaneView.swift in Sources */ = {isa = PBXBuildFile; fileRef = 7BA749C52C63971B0006E1EF /* AirplaneView.swift */; };
/* End PBXBuildFile section */

/* Begin PBXFileReference section */
		7B9DCE952C63DE26000E362E /* GameModel.swift */ = {isa = PBXFileReference; lastKnownFileType = sourcecode.swift; path = GameModel.swift; sourceTree = "<group>"; };
		7B9DCE972C63DE60000E362E /* ObstacleView.swift */ = {isa = PBXFileReference; lastKnownFileType = sourcecode.swift; path = ObstacleView.swift; sourceTree = "<group>"; };
		7B9DCE992C63DE71000E362E /* FuelView.swift */ = {isa = PBXFileReference; lastKnownFileType = sourcecode.swift; path = FuelView.swift; sourceTree = "<group>"; };
		7B9DCE9B2C63DE85000E362E /* MainMenuView.swift */ = {isa = PBXFileReference; lastKnownFileType = sourcecode.swift; path = MainMenuView.swift; sourceTree = "<group>"; };
		7B9DCE9D2C63DEE3000E362E /* SettingsModel.swift */ = {isa = PBXFileReference; lastKnownFileType = sourcecode.swift; path = SettingsModel.swift; sourceTree = "<group>"; };
		7B9DCEA12C63DF1F000E362E /* CustomButton.swift */ = {isa = PBXFileReference; lastKnownFileType = sourcecode.swift; path = CustomButton.swift; sourceTree = "<group>"; };
		7B9DCEA52C63E35D000E362E /* collect.mp3 */ = {isa = PBXFileReference; lastKnownFileType = audio.mp3; path = collect.mp3; sourceTree = "<group>"; };
		7B9DCEA72C63E3C6000E362E /* hit.mp3 */ = {isa = PBXFileReference; lastKnownFileType = audio.mp3; path = hit.mp3; sourceTree = "<group>"; };
		7B9DCEA92C64B71A000E362E /* AboutView.swift */ = {isa = PBXFileReference; lastKnownFileType = sourcecode.swift; path = AboutView.swift; sourceTree = "<group>"; };
		7B9DCEAB2C64B73A000E362E /* SettingView.swift */ = {isa = PBXFileReference; lastKnownFileType = sourcecode.swift; path = SettingView.swift; sourceTree = "<group>"; };
		7B9DCEB02C64D43A000E362E /* MochiyPopOne-Regular.ttf */ = {isa = PBXFileReference; lastKnownFileType = file; path = "MochiyPopOne-Regular.ttf"; sourceTree = "<group>"; };
		7B9DCEB22C64D462000E362E /* Info.plist */ = {isa = PBXFileReference; lastKnownFileType = text.plist; path = Info.plist; sourceTree = "<group>"; };
		7B9DCEB42C64E364000E362E /* main_sound.mp3 */ = {isa = PBXFileReference; lastKnownFileType = audio.mp3; path = main_sound.mp3; sourceTree = "<group>"; };
		7BA749B22C6396D20006E1EF /* AirplaneGame.app */ = {isa = PBXFileReference; explicitFileType = wrapper.application; includeInIndex = 0; path = AirplaneGame.app; sourceTree = BUILT_PRODUCTS_DIR; };
		7BA749B52C6396D20006E1EF /* AirplaneGameApp.swift */ = {isa = PBXFileReference; lastKnownFileType = sourcecode.swift; path = AirplaneGameApp.swift; sourceTree = "<group>"; };
		7BA749B92C6396D40006E1EF /* Assets.xcassets */ = {isa = PBXFileReference; lastKnownFileType = folder.assetcatalog; path = Assets.xcassets; sourceTree = "<group>"; };
		7BA749BC2C6396D40006E1EF /* Preview Assets.xcassets */ = {isa = PBXFileReference; lastKnownFileType = folder.assetcatalog; path = "Preview Assets.xcassets"; sourceTree = "<group>"; };
		7BA749C32C6396FC0006E1EF /* GameView.swift */ = {isa = PBXFileReference; lastKnownFileType = sourcecode.swift; path = GameView.swift; sourceTree = "<group>"; };
		7BA749C52C63971B0006E1EF /* AirplaneView.swift */ = {isa = PBXFileReference; lastKnownFileType = sourcecode.swift; path = AirplaneView.swift; sourceTree = "<group>"; };
/* End PBXFileReference section */

/* Begin PBXFrameworksBuildPhase section */
		7BA749AF2C6396D20006E1EF /* Frameworks */ = {
			isa = PBXFrameworksBuildPhase;
			buildActionMask = 2147483647;
			files = (
			);
			runOnlyForDeploymentPostprocessing = 0;
		};
/* End PBXFrameworksBuildPhase section */

/* Begin PBXGroup section */
		7B9DCEAD2C64BA18000E362E /* Views */ = {
			isa = PBXGroup;
			children = (
				7B9DCEA12C63DF1F000E362E /* CustomButton.swift */,
				7BA749C32C6396FC0006E1EF /* GameView.swift */,
				7B9DCEA92C64B71A000E362E /* AboutView.swift */,
				7B9DCE992C63DE71000E362E /* FuelView.swift */,
				7B9DCE972C63DE60000E362E /* ObstacleView.swift */,
				7B9DCEAB2C64B73A000E362E /* SettingView.swift */,
				7B9DCE9B2C63DE85000E362E /* MainMenuView.swift */,
				7BA749C52C63971B0006E1EF /* AirplaneView.swift */,
			);
			path = Views;
			sourceTree = "<group>";
		};
		7B9DCEB62C64F074000E362E /* sounds */ = {
			isa = PBXGroup;
			children = (
				7B9DCEB42C64E364000E362E /* main_sound.mp3 */,
				7B9DCEA72C63E3C6000E362E /* hit.mp3 */,
				7B9DCEA52C63E35D000E362E /* collect.mp3 */,
			);
			path = sounds;
			sourceTree = "<group>";
		};
		7B9DCEB72C64F08F000E362E /* fonts */ = {
			isa = PBXGroup;
			children = (
				7B9DCEB02C64D43A000E362E /* MochiyPopOne-Regular.ttf */,
			);
			path = fonts;
			sourceTree = "<group>";
		};
		7B9DCEB82C64F687000E362E /* Models */ = {
			isa = PBXGroup;
			children = (
				7B9DCE9D2C63DEE3000E362E /* SettingsModel.swift */,
				7B9DCE952C63DE26000E362E /* GameModel.swift */,
			);
			path = Models;
			sourceTree = "<group>";
		};
		7BA749A92C6396D20006E1EF = {
			isa = PBXGroup;
			children = (
				7BA749B42C6396D20006E1EF /* AirplaneGame */,
				7BA749B32C6396D20006E1EF /* Products */,
			);
			sourceTree = "<group>";
		};
		7BA749B32C6396D20006E1EF /* Products */ = {
			isa = PBXGroup;
			children = (
				7BA749B22C6396D20006E1EF /* AirplaneGame.app */,
			);
			name = Products;
			sourceTree = "<group>";
		};
		7BA749B42C6396D20006E1EF /* AirplaneGame */ = {
			isa = PBXGroup;
			children = (
				7B9DCEB22C64D462000E362E /* Info.plist */,
				7B9DCEB82C64F687000E362E /* Models */,
				7B9DCEAD2C64BA18000E362E /* Views */,
				7BA749B52C6396D20006E1EF /* AirplaneGameApp.swift */,
				7BA749B92C6396D40006E1EF /* Assets.xcassets */,
				7B9DCEB62C64F074000E362E /* sounds */,
				7B9DCEB72C64F08F000E362E /* fonts */,
				7BA749BB2C6396D40006E1EF /* Preview Content */,
			);
			path = AirplaneGame;
			sourceTree = "<group>";
		};
		7BA749BB2C6396D40006E1EF /* Preview Content */ = {
			isa = PBXGroup;
			children = (
				7BA749BC2C6396D40006E1EF /* Preview Assets.xcassets */,
			);
			path = "Preview Content";
			sourceTree = "<group>";
		};
/* End PBXGroup section */

/* Begin PBXNativeTarget section */
		7BA749B12C6396D20006E1EF /* AirplaneGame */ = {
			isa = PBXNativeTarget;
			buildConfigurationList = 7BA749C02C6396D40006E1EF /* Build configuration list for PBXNativeTarget "AirplaneGame" */;
			buildPhases = (
				7BA749AE2C6396D20006E1EF /* Sources */,
				7BA749AF2C6396D20006E1EF /* Frameworks */,
				7BA749B02C6396D20006E1EF /* Resources */,
			);
			buildRules = (
			);
			dependencies = (
			);
			name = AirplaneGame;
			productName = AirplaneGame;
			productReference = 7BA749B22C6396D20006E1EF /* AirplaneGame.app */;
			productType = "com.apple.product-type.application";
		};
/* End PBXNativeTarget section */

/* Begin PBXProject section */
		7BA749AA2C6396D20006E1EF /* Project object */ = {
			isa = PBXProject;
			attributes = {
				BuildIndependentTargetsInParallel = 1;
				LastSwiftUpdateCheck = 1430;
				LastUpgradeCheck = 1430;
				TargetAttributes = {
					7BA749B12C6396D20006E1EF = {
						CreatedOnToolsVersion = 14.3.1;
					};
				};
			};
			buildConfigurationList = 7BA749AD2C6396D20006E1EF /* Build configuration list for PBXProject "AirplaneGame" */;
			compatibilityVersion = "Xcode 14.0";
			developmentRegion = en;
			hasScannedForEncodings = 0;
			knownRegions = (
				en,
				Base,
			);
			mainGroup = 7BA749A92C6396D20006E1EF;
			productRefGroup = 7BA749B32C6396D20006E1EF /* Products */;
			projectDirPath = "";
			projectRoot = "";
			targets = (
				7BA749B12C6396D20006E1EF /* AirplaneGame */,
			);
		};
/* End PBXProject section */

/* Begin PBXResourcesBuildPhase section */
		7BA749B02C6396D20006E1EF /* Resources */ = {
			isa = PBXResourcesBuildPhase;
			buildActionMask = 2147483647;
			files = (
				7BA749BD2C6396D40006E1EF /* Preview Assets.xcassets in Resources */,
				7B9DCEB12C64D43A000E362E /* MochiyPopOne-Regular.ttf in Resources */,
				7B9DCEA82C63E3C6000E362E /* hit.mp3 in Resources */,
				7B9DCEB52C64E364000E362E /* main_sound.mp3 in Resources */,
				7B9DCEA62C63E35D000E362E /* collect.mp3 in Resources */,
				7BA749BA2C6396D40006E1EF /* Assets.xcassets in Resources */,
			);
			runOnlyForDeploymentPostprocessing = 0;
		};
/* End PBXResourcesBuildPhase section */

/* Begin PBXSourcesBuildPhase section */
		7BA749AE2C6396D20006E1EF /* Sources */ = {
			isa = PBXSourcesBuildPhase;
			buildActionMask = 2147483647;
			files = (
				7B9DCE9E2C63DEE3000E362E /* SettingsModel.swift in Sources */,
				7B9DCE962C63DE26000E362E /* GameModel.swift in Sources */,
				7B9DCE982C63DE60000E362E /* ObstacleView.swift in Sources */,
				7B9DCEAC2C64B73A000E362E /* SettingView.swift in Sources */,
				7B9DCE9C2C63DE85000E362E /* MainMenuView.swift in Sources */,
				7B9DCEAA2C64B71B000E362E /* AboutView.swift in Sources */,
				7B9DCE9A2C63DE71000E362E /* FuelView.swift in Sources */,
				7BA749C62C63971B0006E1EF /* AirplaneView.swift in Sources */,
				7B9DCEA22C63DF1F000E362E /* CustomButton.swift in Sources */,
				7BA749C42C6396FC0006E1EF /* GameView.swift in Sources */,
				7BA749B62C6396D20006E1EF /* AirplaneGameApp.swift in Sources */,
			);
			runOnlyForDeploymentPostprocessing = 0;
		};
/* End PBXSourcesBuildPhase section */

/* Begin XCBuildConfiguration section */
		7BA749BE2C6396D40006E1EF /* Debug */ = {
			isa = XCBuildConfiguration;
			buildSettings = {
				ALWAYS_SEARCH_USER_PATHS = NO;
				CLANG_ANALYZER_NONNULL = YES;
				CLANG_ANALYZER_NUMBER_OBJECT_CONVERSION = YES_AGGRESSIVE;
				CLANG_CXX_LANGUAGE_STANDARD = "gnu++20";
				CLANG_ENABLE_MODULES = YES;
				CLANG_ENABLE_OBJC_ARC = YES;
				CLANG_ENABLE_OBJC_WEAK = YES;
				CLANG_WARN_BLOCK_CAPTURE_AUTORELEASING = YES;
				CLANG_WARN_BOOL_CONVERSION = YES;
				CLANG_WARN_COMMA = YES;
				CLANG_WARN_CONSTANT_CONVERSION = YES;
				CLANG_WARN_DEPRECATED_OBJC_IMPLEMENTATIONS = YES;
				CLANG_WARN_DIRECT_OBJC_ISA_USAGE = YES_ERROR;
				CLANG_WARN_DOCUMENTATION_COMMENTS = YES;
				CLANG_WARN_EMPTY_BODY = YES;
				CLANG_WARN_ENUM_CONVERSION = YES;
				CLANG_WARN_INFINITE_RECURSION = YES;
				CLANG_WARN_INT_CONVERSION = YES;
				CLANG_WARN_NON_LITERAL_NULL_CONVERSION = YES;
				CLANG_WARN_OBJC_IMPLICIT_RETAIN_SELF = YES;
				CLANG_WARN_OBJC_LITERAL_CONVERSION = YES;
				CLANG_WARN_OBJC_ROOT_CLASS = YES_ERROR;
				CLANG_WARN_QUOTED_INCLUDE_IN_FRAMEWORK_HEADER = YES;
				CLANG_WARN_RANGE_LOOP_ANALYSIS = YES;
				CLANG_WARN_STRICT_PROTOTYPES = YES;
				CLANG_WARN_SUSPICIOUS_MOVE = YES;
				CLANG_WARN_UNGUARDED_AVAILABILITY = YES_AGGRESSIVE;
				CLANG_WARN_UNREACHABLE_CODE = YES;
				CLANG_WARN__DUPLICATE_METHOD_MATCH = YES;
				COPY_PHASE_STRIP = NO;
				DEBUG_INFORMATION_FORMAT = dwarf;
				ENABLE_STRICT_OBJC_MSGSEND = YES;
				ENABLE_TESTABILITY = YES;
				GCC_C_LANGUAGE_STANDARD = gnu11;
				GCC_DYNAMIC_NO_PIC = NO;
				GCC_NO_COMMON_BLOCKS = YES;
				GCC_OPTIMIZATION_LEVEL = 0;
				GCC_PREPROCESSOR_DEFINITIONS = (
					"DEBUG=1",
					"$(inherited)",
				);
				GCC_WARN_64_TO_32_BIT_CONVERSION = YES;
				GCC_WARN_ABOUT_RETURN_TYPE = YES_ERROR;
				GCC_WARN_UNDECLARED_SELECTOR = YES;
				GCC_WARN_UNINITIALIZED_AUTOS = YES_AGGRESSIVE;
				GCC_WARN_UNUSED_FUNCTION = YES;
				GCC_WARN_UNUSED_VARIABLE = YES;
				IPHONEOS_DEPLOYMENT_TARGET = 16.4;
				MTL_ENABLE_DEBUG_INFO = INCLUDE_SOURCE;
				MTL_FAST_MATH = YES;
				ONLY_ACTIVE_ARCH = YES;
				SDKROOT = iphoneos;
				SWIFT_ACTIVE_COMPILATION_CONDITIONS = DEBUG;
				SWIFT_OPTIMIZATION_LEVEL = "-Onone";
			};
			name = Debug;
		};
		7BA749BF2C6396D40006E1EF /* Release */ = {
			isa = XCBuildConfiguration;
			buildSettings = {
				ALWAYS_SEARCH_USER_PATHS = NO;
				CLANG_ANALYZER_NONNULL = YES;
				CLANG_ANALYZER_NUMBER_OBJECT_CONVERSION = YES_AGGRESSIVE;
				CLANG_CXX_LANGUAGE_STANDARD = "gnu++20";
				CLANG_ENABLE_MODULES = YES;
				CLANG_ENABLE_OBJC_ARC = YES;
				CLANG_ENABLE_OBJC_WEAK = YES;
				CLANG_WARN_BLOCK_CAPTURE_AUTORELEASING = YES;
				CLANG_WARN_BOOL_CONVERSION = YES;
				CLANG_WARN_COMMA = YES;
				CLANG_WARN_CONSTANT_CONVERSION = YES;
				CLANG_WARN_DEPRECATED_OBJC_IMPLEMENTATIONS = YES;
				CLANG_WARN_DIRECT_OBJC_ISA_USAGE = YES_ERROR;
				CLANG_WARN_DOCUMENTATION_COMMENTS = YES;
				CLANG_WARN_EMPTY_BODY = YES;
				CLANG_WARN_ENUM_CONVERSION = YES;
				CLANG_WARN_INFINITE_RECURSION = YES;
				CLANG_WARN_INT_CONVERSION = YES;
				CLANG_WARN_NON_LITERAL_NULL_CONVERSION = YES;
				CLANG_WARN_OBJC_IMPLICIT_RETAIN_SELF = YES;
				CLANG_WARN_OBJC_LITERAL_CONVERSION = YES;
				CLANG_WARN_OBJC_ROOT_CLASS = YES_ERROR;
				CLANG_WARN_QUOTED_INCLUDE_IN_FRAMEWORK_HEADER = YES;
				CLANG_WARN_RANGE_LOOP_ANALYSIS = YES;
				CLANG_WARN_STRICT_PROTOTYPES = YES;
				CLANG_WARN_SUSPICIOUS_MOVE = YES;
				CLANG_WARN_UNGUARDED_AVAILABILITY = YES_AGGRESSIVE;
				CLANG_WARN_UNREACHABLE_CODE = YES;
				CLANG_WARN__DUPLICATE_METHOD_MATCH = YES;
				COPY_PHASE_STRIP = NO;
				DEBUG_INFORMATION_FORMAT = "dwarf-with-dsym";
				ENABLE_NS_ASSERTIONS = NO;
				ENABLE_STRICT_OBJC_MSGSEND = YES;
				GCC_C_LANGUAGE_STANDARD = gnu11;
				GCC_NO_COMMON_BLOCKS = YES;
				GCC_WARN_64_TO_32_BIT_CONVERSION = YES;
				GCC_WARN_ABOUT_RETURN_TYPE = YES_ERROR;
				GCC_WARN_UNDECLARED_SELECTOR = YES;
				GCC_WARN_UNINITIALIZED_AUTOS = YES_AGGRESSIVE;
				GCC_WARN_UNUSED_FUNCTION = YES;
				GCC_WARN_UNUSED_VARIABLE = YES;
				IPHONEOS_DEPLOYMENT_TARGET = 16.4;
				MTL_ENABLE_DEBUG_INFO = NO;
				MTL_FAST_MATH = YES;
				SDKROOT = iphoneos;
				SWIFT_COMPILATION_MODE = wholemodule;
				SWIFT_OPTIMIZATION_LEVEL = "-O";
				VALIDATE_PRODUCT = YES;
			};
			name = Release;
		};
		7BA749C12C6396D40006E1EF /* Debug */ = {
			isa = XCBuildConfiguration;
			buildSettings = {
				ASSETCATALOG_COMPILER_APPICON_NAME = AppIcon;
				ASSETCATALOG_COMPILER_GLOBAL_ACCENT_COLOR_NAME = AccentColor;
				CODE_SIGN_STYLE = Automatic;
				CURRENT_PROJECT_VERSION = 1;
				DEVELOPMENT_ASSET_PATHS = "\"AirplaneGame/Preview Content\"";
				DEVELOPMENT_TEAM = S3W9D9246F;
				ENABLE_PREVIEWS = YES;
				GENERATE_INFOPLIST_FILE = YES;
				INFOPLIST_FILE = AirplaneGame/Info.plist;
				INFOPLIST_KEY_UIApplicationSceneManifest_Generation = YES;
				INFOPLIST_KEY_UIApplicationSupportsIndirectInputEvents = YES;
				INFOPLIST_KEY_UILaunchScreen_Generation = YES;
				INFOPLIST_KEY_UISupportedInterfaceOrientations_iPad = "UIInterfaceOrientationPortrait UIInterfaceOrientationPortraitUpsideDown UIInterfaceOrientationLandscapeLeft UIInterfaceOrientationLandscapeRight";
				INFOPLIST_KEY_UISupportedInterfaceOrientations_iPhone = "UIInterfaceOrientationPortrait UIInterfaceOrientationLandscapeLeft UIInterfaceOrientationLandscapeRight";
				LD_RUNPATH_SEARCH_PATHS = (
					"$(inherited)",
					"@executable_path/Frameworks",
				);
				MARKETING_VERSION = 1.0;
				PRODUCT_BUNDLE_IDENTIFIER = PavloKostenko.AirplaneGame;
				PRODUCT_NAME = "$(TARGET_NAME)";
				SWIFT_EMIT_LOC_STRINGS = YES;
				SWIFT_VERSION = 5.0;
				TARGETED_DEVICE_FAMILY = "1,2";
			};
			name = Debug;
		};
		7BA749C22C6396D40006E1EF /* Release */ = {
			isa = XCBuildConfiguration;
			buildSettings = {
				ASSETCATALOG_COMPILER_APPICON_NAME = AppIcon;
				ASSETCATALOG_COMPILER_GLOBAL_ACCENT_COLOR_NAME = AccentColor;
				CODE_SIGN_STYLE = Automatic;
				CURRENT_PROJECT_VERSION = 1;
				DEVELOPMENT_ASSET_PATHS = "\"AirplaneGame/Preview Content\"";
				DEVELOPMENT_TEAM = S3W9D9246F;
				ENABLE_PREVIEWS = YES;
				GENERATE_INFOPLIST_FILE = YES;
				INFOPLIST_FILE = AirplaneGame/Info.plist;
				INFOPLIST_KEY_UIApplicationSceneManifest_Generation = YES;
				INFOPLIST_KEY_UIApplicationSupportsIndirectInputEvents = YES;
				INFOPLIST_KEY_UILaunchScreen_Generation = YES;
				INFOPLIST_KEY_UISupportedInterfaceOrientations_iPad = "UIInterfaceOrientationPortrait UIInterfaceOrientationPortraitUpsideDown UIInterfaceOrientationLandscapeLeft UIInterfaceOrientationLandscapeRight";
				INFOPLIST_KEY_UISupportedInterfaceOrientations_iPhone = "UIInterfaceOrientationPortrait UIInterfaceOrientationLandscapeLeft UIInterfaceOrientationLandscapeRight";
				LD_RUNPATH_SEARCH_PATHS = (
					"$(inherited)",
					"@executable_path/Frameworks",
				);
				MARKETING_VERSION = 1.0;
				PRODUCT_BUNDLE_IDENTIFIER = PavloKostenko.AirplaneGame;
				PRODUCT_NAME = "$(TARGET_NAME)";
				SWIFT_EMIT_LOC_STRINGS = YES;
				SWIFT_VERSION = 5.0;
				TARGETED_DEVICE_FAMILY = "1,2";
			};
			name = Release;
		};
/* End XCBuildConfiguration section */

/* Begin XCConfigurationList section */
		7BA749AD2C6396D20006E1EF /* Build configuration list for PBXProject "AirplaneGame" */ = {
			isa = XCConfigurationList;
			buildConfigurations = (
				7BA749BE2C6396D40006E1EF /* Debug */,
				7BA749BF2C6396D40006E1EF /* Release */,
			);
			defaultConfigurationIsVisible = 0;
			defaultConfigurationName = Release;
		};
		7BA749C02C6396D40006E1EF /* Build configuration list for PBXNativeTarget "AirplaneGame" */ = {
			isa = XCConfigurationList;
			buildConfigurations = (
				7BA749C12C6396D40006E1EF /* Debug */,
				7BA749C22C6396D40006E1EF /* Release */,
			);
			defaultConfigurationIsVisible = 0;
			defaultConfigurationName = Release;
		};
/* End XCConfigurationList section */
	};
	rootObject = 7BA749AA2C6396D20006E1EF /* Project object */;
}
